
Microsoft Visual Studio Solution File, Format Version 12.00
# Visual Studio Version 16
VisualStudioVersion = 16.0.31515.178
MinimumVisualStudioVersion = 10.0.40219.1
Project("{FAE04EC0-301F-11D3-BF4B-00C04F79EFBC}") = "GreenScreenAdjuster", "GreenScreenAdjuster\GreenScreenAdjuster.csproj", "{B305A838-76BF-4E0A-9F01-DCE82316954F}"
EndProject
Project("{FAE04EC0-301F-11D3-BF4B-00C04F79EFBC}") = "GreenScreenAdjusterTests", "GreenScreenAdjusterTests\GreenScreenAdjusterTests.csproj", "{5F227BE2-4C03-4257-9531-A2467DFD147A}"
EndProject
Global
	GlobalSection(SolutionConfigurationPlatforms) = preSolution
		Debug|Any CPU = Debug|Any CPU
		Release|Any CPU = Release|Any CPU
	EndGlobalSection
	GlobalSection(ProjectConfigurationPlatforms) = postSolution
		{B305A838-76BF-4E0A-9F01-DCE82316954F}.Debug|Any CPU.ActiveCfg = Debug|Any CPU
		{B305A838-76BF-4E0A-9F01-DCE82316954F}.Debug|Any CPU.Build.0 = Debug|Any CPU
		{B305A838-76BF-4E0A-9F01-DCE82316954F}.Release|Any CPU.ActiveCfg = Release|Any CPU
		{B305A838-76BF-4E0A-9F01-DCE82316954F}.Release|Any CPU.Build.0 = Release|Any CPU
		{5F227BE2-4C03-4257-9531-A2467DFD147A}.Debug|Any CPU.ActiveCfg = Debug|Any CPU
		{5F227BE2-4C03-4257-9531-A2467DFD147A}.Debug|Any CPU.Build.0 = Debug|Any CPU
		{5F227BE2-4C03-4257-9531-A2467DFD147A}.Release|Any CPU.ActiveCfg = Release|Any CPU
		{5F227BE2-4C03-4257-9531-A2467DFD147A}.Release|Any CPU.Build.0 = Release|Any CPU
	EndGlobalSection
	GlobalSection(SolutionProperties) = preSolution
		HideSolutionNode = FALSE
	EndGlobalSection
	GlobalSection(ExtensibilityGlobals) = postSolution
		SolutionGuid = {0BEACFE2-D522-4AD8-8524-F8342456A928}
	EndGlobalSection
EndGlobal
